
Microsoft Visual Studio Solution File, Format Version 12.00
# Visual Studio 14
VisualStudioVersion = 14.0.25420.1
MinimumVisualStudioVersion = 10.0.40219.1
Project("{FAE04EC0-301F-11D3-BF4B-00C04F79EFBC}") = "AppInsightOwinDeepDive", "AppInsightOwinDeepDive\AppInsightOwinDeepDive.csproj", "{D3019E9D-AE6D-4B7B-9809-C056539DEAB6}"
EndProject
Project("{FAE04EC0-301F-11D3-BF4B-00C04F79EFBC}") = "AppInsightOwinDeepDive.IntegrationTests", "AppInsightOwinDeepDive.IntegrationTests\AppInsightOwinDeepDive.IntegrationTests.csproj", "{1228FDC8-01C9-461C-8724-028E21801328}"
EndProject
Project("{FAE04EC0-301F-11D3-BF4B-00C04F79EFBC}") = "AppInsightOwinDeepDive.UnitTests", "AppInsightOwinDeepDive.UnitTests\AppInsightOwinDeepDive.UnitTests.csproj", "{520D8E63-FAFF-4FF6-9D01-58FFFEBC7509}"
EndProject
Project("{FAE04EC0-301F-11D3-BF4B-00C04F79EFBC}") = "AppInsightOwinDeepDive.Load", "AppInsightOwinDeepDive.Load\AppInsightOwinDeepDive.Load.csproj", "{CDF7905C-5DA3-4B3B-AE18-A4E9EC487F4B}"
EndProject
Global
	GlobalSection(SolutionConfigurationPlatforms) = preSolution
		Debug|Any CPU = Debug|Any CPU
		Release|Any CPU = Release|Any CPU
	EndGlobalSection
	GlobalSection(ProjectConfigurationPlatforms) = postSolution
		{D3019E9D-AE6D-4B7B-9809-C056539DEAB6}.Debug|Any CPU.ActiveCfg = Debug|Any CPU
		{D3019E9D-AE6D-4B7B-9809-C056539DEAB6}.Debug|Any CPU.Build.0 = Debug|Any CPU
		{D3019E9D-AE6D-4B7B-9809-C056539DEAB6}.Release|Any CPU.ActiveCfg = Release|Any CPU
		{D3019E9D-AE6D-4B7B-9809-C056539DEAB6}.Release|Any CPU.Build.0 = Release|Any CPU
		{1228FDC8-01C9-461C-8724-028E21801328}.Debug|Any CPU.ActiveCfg = Debug|Any CPU
		{1228FDC8-01C9-461C-8724-028E21801328}.Debug|Any CPU.Build.0 = Debug|Any CPU
		{1228FDC8-01C9-461C-8724-028E21801328}.Release|Any CPU.ActiveCfg = Release|Any CPU
		{1228FDC8-01C9-461C-8724-028E21801328}.Release|Any CPU.Build.0 = Release|Any CPU
		{520D8E63-FAFF-4FF6-9D01-58FFFEBC7509}.Debug|Any CPU.ActiveCfg = Debug|Any CPU
		{520D8E63-FAFF-4FF6-9D01-58FFFEBC7509}.Debug|Any CPU.Build.0 = Debug|Any CPU
		{520D8E63-FAFF-4FF6-9D01-58FFFEBC7509}.Release|Any CPU.ActiveCfg = Release|Any CPU
		{520D8E63-FAFF-4FF6-9D01-58FFFEBC7509}.Release|Any CPU.Build.0 = Release|Any CPU
		{CDF7905C-5DA3-4B3B-AE18-A4E9EC487F4B}.Debug|Any CPU.ActiveCfg = Debug|Any CPU
		{CDF7905C-5DA3-4B3B-AE18-A4E9EC487F4B}.Debug|Any CPU.Build.0 = Debug|Any CPU
		{CDF7905C-5DA3-4B3B-AE18-A4E9EC487F4B}.Release|Any CPU.ActiveCfg = Release|Any CPU
		{CDF7905C-5DA3-4B3B-AE18-A4E9EC487F4B}.Release|Any CPU.Build.0 = Release|Any CPU
	EndGlobalSection
	GlobalSection(SolutionProperties) = preSolution
		HideSolutionNode = FALSE
	EndGlobalSection
EndGlobal
